
Microsoft Visual Studio Solution File, Format Version 12.00
# Visual Studio Version 16
VisualStudioVersion = 16.0.31424.327
MinimumVisualStudioVersion = 10.0.40219.1
Project("{9A19103F-16F7-4668-BE54-9A1E7A4F7556}") = "SignUp", "SignUp\SignUp.csproj", "{2DD881B7-F47E-44F6-B441-79859F6ACA71}"
EndProject
Project("{9A19103F-16F7-4668-BE54-9A1E7A4F7556}") = "SignUp.Core", "SignUp.Core\SignUp.Core.csproj", "{09F79ECA-38EE-4C7D-8F84-8BB24D959429}"
EndProject
Project("{FAE04EC0-301F-11D3-BF4B-00C04F79EFBC}") = "SignUp.Application", "SignUp.Application\SignUp.Application.csproj", "{70171FA2-1FBD-49DD-B66C-9DB3005B4409}"
EndProject
Global
	GlobalSection(SolutionConfigurationPlatforms) = preSolution
		Debug|Any CPU = Debug|Any CPU
		Release|Any CPU = Release|Any CPU
	EndGlobalSection
	GlobalSection(ProjectConfigurationPlatforms) = postSolution
		{2DD881B7-F47E-44F6-B441-79859F6ACA71}.Debug|Any CPU.ActiveCfg = Debug|Any CPU
		{2DD881B7-F47E-44F6-B441-79859F6ACA71}.Debug|Any CPU.Build.0 = Debug|Any CPU
		{2DD881B7-F47E-44F6-B441-79859F6ACA71}.Release|Any CPU.ActiveCfg = Release|Any CPU
		{2DD881B7-F47E-44F6-B441-79859F6ACA71}.Release|Any CPU.Build.0 = Release|Any CPU
		{09F79ECA-38EE-4C7D-8F84-8BB24D959429}.Debug|Any CPU.ActiveCfg = Debug|Any CPU
		{09F79ECA-38EE-4C7D-8F84-8BB24D959429}.Debug|Any CPU.Build.0 = Debug|Any CPU
		{09F79ECA-38EE-4C7D-8F84-8BB24D959429}.Release|Any CPU.ActiveCfg = Release|Any CPU
		{09F79ECA-38EE-4C7D-8F84-8BB24D959429}.Release|Any CPU.Build.0 = Release|Any CPU
		{70171FA2-1FBD-49DD-B66C-9DB3005B4409}.Debug|Any CPU.ActiveCfg = Debug|Any CPU
		{70171FA2-1FBD-49DD-B66C-9DB3005B4409}.Debug|Any CPU.Build.0 = Debug|Any CPU
		{70171FA2-1FBD-49DD-B66C-9DB3005B4409}.Release|Any CPU.ActiveCfg = Release|Any CPU
		{70171FA2-1FBD-49DD-B66C-9DB3005B4409}.Release|Any CPU.Build.0 = Release|Any CPU
	EndGlobalSection
	GlobalSection(SolutionProperties) = preSolution
		HideSolutionNode = FALSE
	EndGlobalSection
	GlobalSection(ExtensibilityGlobals) = postSolution
		SolutionGuid = {B479785B-7C98-412D-83CF-B5F7C6ADBB90}
	EndGlobalSection
EndGlobal
